
Microsoft Visual Studio Solution File, Format Version 12.00
# Visual Studio 15
VisualStudioVersion = 15.0.28307.136
MinimumVisualStudioVersion = 10.0.40219.1
Project("{FAE04EC0-301F-11D3-BF4B-00C04F79EFBC}") = "TestnaAplikacija", "TestnaAplikacija\TestnaAplikacija.csproj", "{304AD99C-5C2E-43E9-825E-6366D6B1F953}"
EndProject
Global
	GlobalSection(SolutionConfigurationPlatforms) = preSolution
		Debug|Any CPU = Debug|Any CPU
		Release|Any CPU = Release|Any CPU
	EndGlobalSection
	GlobalSection(ProjectConfigurationPlatforms) = postSolution
		{304AD99C-5C2E-43E9-825E-6366D6B1F953}.Debug|Any CPU.ActiveCfg = Debug|Any CPU
		{304AD99C-5C2E-43E9-825E-6366D6B1F953}.Debug|Any CPU.Build.0 = Debug|Any CPU
		{304AD99C-5C2E-43E9-825E-6366D6B1F953}.Release|Any CPU.ActiveCfg = Release|Any CPU
		{304AD99C-5C2E-43E9-825E-6366D6B1F953}.Release|Any CPU.Build.0 = Release|Any CPU
	EndGlobalSection
	GlobalSection(SolutionProperties) = preSolution
		HideSolutionNode = FALSE
	EndGlobalSection
	GlobalSection(ExtensibilityGlobals) = postSolution
		SolutionGuid = {F1A3418F-1C7A-4616-8533-D32F8236AEF6}
	EndGlobalSection
EndGlobal
